// !$*UTF8*$!
{
	archiveVersion = 1;
	classes = {
	};
	objectVersion = 46;
	objects = {

/* Begin PBXBuildFile section */
		BC03FE071BFBCA6A002D9ED3 /* AboutUs.m in Sources */ = {isa = PBXBuildFile; fileRef = BC03FE061BFBCA6A002D9ED3 /* AboutUs.m */; };
		BC3459E81C5F72A6004AA137 /* WebsiteOpen.m in Sources */ = {isa = PBXBuildFile; fileRef = BC3459E71C5F72A6004AA137 /* WebsiteOpen.m */; };
		BC553A001C5DF857005124A1 /* FeedbackViewController.m in Sources */ = {isa = PBXBuildFile; fileRef = BC5539FF1C5DF857005124A1 /* FeedbackViewController.m */; };
		BCD04DCD1BF084E20099D420 /* TeamViewController.m in Sources */ = {isa = PBXBuildFile; fileRef = BCD04DCC1BF084E20099D420 /* TeamViewController.m */; };
		BCE5BEB31BEFB7EB00CA53AC /* main.m in Sources */ = {isa = PBXBuildFile; fileRef = BCE5BEB21BEFB7EB00CA53AC /* main.m */; };
		BCE5BEB61BEFB7EB00CA53AC /* AppDelegate.m in Sources */ = {isa = PBXBuildFile; fileRef = BCE5BEB51BEFB7EB00CA53AC /* AppDelegate.m */; };
		BCE5BEB91BEFB7EB00CA53AC /* FirstViewController.m in Sources */ = {isa = PBXBuildFile; fileRef = BCE5BEB81BEFB7EB00CA53AC /* FirstViewController.m */; };
		BCE5BEBC1BEFB7EB00CA53AC /* SecondViewController.m in Sources */ = {isa = PBXBuildFile; fileRef = BCE5BEBB1BEFB7EB00CA53AC /* SecondViewController.m */; };
		BCE5BEBF1BEFB7EB00CA53AC /* Main.storyboard in Resources */ = {isa = PBXBuildFile; fileRef = BCE5BEBD1BEFB7EB00CA53AC /* Main.storyboard */; };
		BCE5BEC11BEFB7EB00CA53AC /* Assets.xcassets in Resources */ = {isa = PBXBuildFile; fileRef = BCE5BEC01BEFB7EB00CA53AC /* Assets.xcassets */; };
		BCE5BEC41BEFB7EB00CA53AC /* LaunchScreen.storyboard in Resources */ = {isa = PBXBuildFile; fileRef = BCE5BEC21BEFB7EB00CA53AC /* LaunchScreen.storyboard */; };
		BCE5BECF1BEFB7EB00CA53AC /* SRMbyagTests.m in Sources */ = {isa = PBXBuildFile; fileRef = BCE5BECE1BEFB7EB00CA53AC /* SRMbyagTests.m */; };
		BCE5BEDA1BEFB7EC00CA53AC /* SRMbyagUITests.m in Sources */ = {isa = PBXBuildFile; fileRef = BCE5BED91BEFB7EC00CA53AC /* SRMbyagUITests.m */; };
		BCE5BEE91BEFBB4800CA53AC /* nowAtSRM.m in Sources */ = {isa = PBXBuildFile; fileRef = BCE5BEE81BEFBB4800CA53AC /* nowAtSRM.m */; };
		BCE5BEEF1BEFC0E500CA53AC /* events.m in Sources */ = {isa = PBXBuildFile; fileRef = BCE5BEEE1BEFC0E500CA53AC /* events.m */; };
		BCE5BEF21BEFC10400CA53AC /* notesViewController.m in Sources */ = {isa = PBXBuildFile; fileRef = BCE5BEF11BEFC10400CA53AC /* notesViewController.m */; };
		BCE5BEF51BEFC11700CA53AC /* publishViewController.m in Sources */ = {isa = PBXBuildFile; fileRef = BCE5BEF41BEFC11700CA53AC /* publishViewController.m */; };
		BCE5BEF81BEFC12500CA53AC /* storeViewController.m in Sources */ = {isa = PBXBuildFile; fileRef = BCE5BEF71BEFC12500CA53AC /* storeViewController.m */; };
/* End PBXBuildFile section */

/* Begin PBXContainerItemProxy section */
		BCE5BECB1BEFB7EB00CA53AC /* PBXContainerItemProxy */ = {
			isa = PBXContainerItemProxy;
			containerPortal = BCE5BEA61BEFB7EB00CA53AC /* Project object */;
			proxyType = 1;
			remoteGlobalIDString = BCE5BEAD1BEFB7EB00CA53AC;
			remoteInfo = SRMbyag;
		};
		BCE5BED61BEFB7EC00CA53AC /* PBXContainerItemProxy */ = {
			isa = PBXContainerItemProxy;
			containerPortal = BCE5BEA61BEFB7EB00CA53AC /* Project object */;
			proxyType = 1;
			remoteGlobalIDString = BCE5BEAD1BEFB7EB00CA53AC;
			remoteInfo = SRMbyag;
		};
/* End PBXContainerItemProxy section */

/* Begin PBXFileReference section */
		BC03FE051BFBCA6A002D9ED3 /* AboutUs.h */ = {isa = PBXFileReference; fileEncoding = 4; lastKnownFileType = sourcecode.c.h; path = AboutUs.h; sourceTree = "<group>"; };
		BC03FE061BFBCA6A002D9ED3 /* AboutUs.m */ = {isa = PBXFileReference; fileEncoding = 4; lastKnownFileType = sourcecode.c.objc; path = AboutUs.m; sourceTree = "<group>"; };
		BC3459E61C5F72A6004AA137 /* WebsiteOpen.h */ = {isa = PBXFileReference; fileEncoding = 4; lastKnownFileType = sourcecode.c.h; path = WebsiteOpen.h; sourceTree = "<group>"; };
		BC3459E71C5F72A6004AA137 /* WebsiteOpen.m */ = {isa = PBXFileReference; fileEncoding = 4; lastKnownFileType = sourcecode.c.objc; path = WebsiteOpen.m; sourceTree = "<group>"; };
		BC5539FE1C5DF857005124A1 /* FeedbackViewController.h */ = {isa = PBXFileReference; fileEncoding = 4; lastKnownFileType = sourcecode.c.h; path = FeedbackViewController.h; sourceTree = "<group>"; };
		BC5539FF1C5DF857005124A1 /* FeedbackViewController.m */ = {isa = PBXFileReference; fileEncoding = 4; lastKnownFileType = sourcecode.c.objc; path = FeedbackViewController.m; sourceTree = "<group>"; };
		BCD04DCB1BF084E20099D420 /* TeamViewController.h */ = {isa = PBXFileReference; fileEncoding = 4; lastKnownFileType = sourcecode.c.h; path = TeamViewController.h; sourceTree = "<group>"; };
		BCD04DCC1BF084E20099D420 /* TeamViewController.m */ = {isa = PBXFileReference; fileEncoding = 4; lastKnownFileType = sourcecode.c.objc; path = TeamViewController.m; sourceTree = "<group>"; };
		BCE5BEAE1BEFB7EB00CA53AC /* SRMbyag.app */ = {isa = PBXFileReference; explicitFileType = wrapper.application; includeInIndex = 0; path = SRMbyag.app; sourceTree = BUILT_PRODUCTS_DIR; };
		BCE5BEB21BEFB7EB00CA53AC /* main.m */ = {isa = PBXFileReference; lastKnownFileType = sourcecode.c.objc; path = main.m; sourceTree = "<group>"; };
		BCE5BEB41BEFB7EB00CA53AC /* AppDelegate.h */ = {isa = PBXFileReference; lastKnownFileType = sourcecode.c.h; path = AppDelegate.h; sourceTree = "<group>"; };
		BCE5BEB51BEFB7EB00CA53AC /* AppDelegate.m */ = {isa = PBXFileReference; lastKnownFileType = sourcecode.c.objc; path = AppDelegate.m; sourceTree = "<group>"; };
		BCE5BEB71BEFB7EB00CA53AC /* FirstViewController.h */ = {isa = PBXFileReference; lastKnownFileType = sourcecode.c.h; path = FirstViewController.h; sourceTree = "<group>"; };
		BCE5BEB81BEFB7EB00CA53AC /* FirstViewController.m */ = {isa = PBXFileReference; lastKnownFileType = sourcecode.c.objc; path = FirstViewController.m; sourceTree = "<group>"; };
		BCE5BEBA1BEFB7EB00CA53AC /* SecondViewController.h */ = {isa = PBXFileReference; lastKnownFileType = sourcecode.c.h; path = SecondViewController.h; sourceTree = "<group>"; };
		BCE5BEBB1BEFB7EB00CA53AC /* SecondViewController.m */ = {isa = PBXFileReference; lastKnownFileType = sourcecode.c.objc; path = SecondViewController.m; sourceTree = "<group>"; };
		BCE5BEBE1BEFB7EB00CA53AC /* Base */ = {isa = PBXFileReference; lastKnownFileType = file.storyboard; name = Base; path = Base.lproj/Main.storyboard; sourceTree = "<group>"; };
		BCE5BEC01BEFB7EB00CA53AC /* Assets.xcassets */ = {isa = PBXFileReference; lastKnownFileType = folder.assetcatalog; path = Assets.xcassets; sourceTree = "<group>"; };
		BCE5BEC31BEFB7EB00CA53AC /* Base */ = {isa = PBXFileReference; lastKnownFileType = file.storyboard; name = Base; path = Base.lproj/LaunchScreen.storyboard; sourceTree = "<group>"; };
		BCE5BEC51BEFB7EB00CA53AC /* Info.plist */ = {isa = PBXFileReference; lastKnownFileType = text.plist.xml; path = Info.plist; sourceTree = "<group>"; };
		BCE5BECA1BEFB7EB00CA53AC /* SRMbyagTests.xctest */ = {isa = PBXFileReference; explicitFileType = wrapper.cfbundle; includeInIndex = 0; path = SRMbyagTests.xctest; sourceTree = BUILT_PRODUCTS_DIR; };
		BCE5BECE1BEFB7EB00CA53AC /* SRMbyagTests.m */ = {isa = PBXFileReference; lastKnownFileType = sourcecode.c.objc; path = SRMbyagTests.m; sourceTree = "<group>"; };
		BCE5BED01BEFB7EB00CA53AC /* Info.plist */ = {isa = PBXFileReference; lastKnownFileType = text.plist.xml; path = Info.plist; sourceTree = "<group>"; };
		BCE5BED51BEFB7EC00CA53AC /* SRMbyagUITests.xctest */ = {isa = PBXFileReference; explicitFileType = wrapper.cfbundle; includeInIndex = 0; path = SRMbyagUITests.xctest; sourceTree = BUILT_PRODUCTS_DIR; };
		BCE5BED91BEFB7EC00CA53AC /* SRMbyagUITests.m */ = {isa = PBXFileReference; lastKnownFileType = sourcecode.c.objc; path = SRMbyagUITests.m; sourceTree = "<group>"; };
		BCE5BEDB1BEFB7EC00CA53AC /* Info.plist */ = {isa = PBXFileReference; lastKnownFileType = text.plist.xml; path = Info.plist; sourceTree = "<group>"; };
		BCE5BEE71BEFBB4800CA53AC /* nowAtSRM.h */ = {isa = PBXFileReference; fileEncoding = 4; lastKnownFileType = sourcecode.c.h; path = nowAtSRM.h; sourceTree = "<group>"; };
		BCE5BEE81BEFBB4800CA53AC /* nowAtSRM.m */ = {isa = PBXFileReference; fileEncoding = 4; lastKnownFileType = sourcecode.c.objc; path = nowAtSRM.m; sourceTree = "<group>"; };
		BCE5BEED1BEFC0E500CA53AC /* events.h */ = {isa = PBXFileReference; fileEncoding = 4; lastKnownFileType = sourcecode.c.h; name = events.h; path = ../events.h; sourceTree = "<group>"; };
		BCE5BEEE1BEFC0E500CA53AC /* events.m */ = {isa = PBXFileReference; fileEncoding = 4; lastKnownFileType = sourcecode.c.objc; name = events.m; path = ../events.m; sourceTree = "<group>"; };
		BCE5BEF01BEFC10400CA53AC /* notesViewController.h */ = {isa = PBXFileReference; fileEncoding = 4; lastKnownFileType = sourcecode.c.h; path = notesViewController.h; sourceTree = "<group>"; };
		BCE5BEF11BEFC10400CA53AC /* notesViewController.m */ = {isa = PBXFileReference; fileEncoding = 4; lastKnownFileType = sourcecode.c.objc; path = notesViewController.m; sourceTree = "<group>"; };
		BCE5BEF31BEFC11700CA53AC /* publishViewController.h */ = {isa = PBXFileReference; fileEncoding = 4; lastKnownFileType = sourcecode.c.h; path = publishViewController.h; sourceTree = "<group>"; };
		BCE5BEF41BEFC11700CA53AC /* publishViewController.m */ = {isa = PBXFileReference; fileEncoding = 4; lastKnownFileType = sourcecode.c.objc; path = publishViewController.m; sourceTree = "<group>"; };
		BCE5BEF61BEFC12500CA53AC /* storeViewController.h */ = {isa = PBXFileReference; fileEncoding = 4; lastKnownFileType = sourcecode.c.h; path = storeViewController.h; sourceTree = "<group>"; };
		BCE5BEF71BEFC12500CA53AC /* storeViewController.m */ = {isa = PBXFileReference; fileEncoding = 4; lastKnownFileType = sourcecode.c.objc; path = storeViewController.m; sourceTree = "<group>"; };
/* End PBXFileReference section */

/* Begin PBXFrameworksBuildPhase section */
		BCE5BEAB1BEFB7EB00CA53AC /* Frameworks */ = {
			isa = PBXFrameworksBuildPhase;
			buildActionMask = 2147483647;
			files = (
			);
			runOnlyForDeploymentPostprocessing = 0;
		};
		BCE5BEC71BEFB7EB00CA53AC /* Frameworks */ = {
			isa = PBXFrameworksBuildPhase;
			buildActionMask = 2147483647;
			files = (
			);
			runOnlyForDeploymentPostprocessing = 0;
		};
		BCE5BED21BEFB7EC00CA53AC /* Frameworks */ = {
			isa = PBXFrameworksBuildPhase;
			buildActionMask = 2147483647;
			files = (
			);
			runOnlyForDeploymentPostprocessing = 0;
		};
/* End PBXFrameworksBuildPhase section */

/* Begin PBXGroup section */
		BCE5BEA51BEFB7EB00CA53AC = {
			isa = PBXGroup;
			children = (
				BCE5BEB01BEFB7EB00CA53AC /* SRMbyag */,
				BCE5BECD1BEFB7EB00CA53AC /* SRMbyagTests */,
				BCE5BED81BEFB7EC00CA53AC /* SRMbyagUITests */,
				BCE5BEAF1BEFB7EB00CA53AC /* Products */,
			);
			sourceTree = "<group>";
		};
		BCE5BEAF1BEFB7EB00CA53AC /* Products */ = {
			isa = PBXGroup;
			children = (
				BCE5BEAE1BEFB7EB00CA53AC /* SRMbyag.app */,
				BCE5BECA1BEFB7EB00CA53AC /* SRMbyagTests.xctest */,
				BCE5BED51BEFB7EC00CA53AC /* SRMbyagUITests.xctest */,
			);
			name = Products;
			sourceTree = "<group>";
		};
		BCE5BEB01BEFB7EB00CA53AC /* SRMbyag */ = {
			isa = PBXGroup;
			children = (
				BCE5BEB41BEFB7EB00CA53AC /* AppDelegate.h */,
				BCE5BEB51BEFB7EB00CA53AC /* AppDelegate.m */,
				BCE5BEB71BEFB7EB00CA53AC /* FirstViewController.h */,
				BCE5BEB81BEFB7EB00CA53AC /* FirstViewController.m */,
				BCE5BEBA1BEFB7EB00CA53AC /* SecondViewController.h */,
				BCE5BEBB1BEFB7EB00CA53AC /* SecondViewController.m */,
				BCE5BEE71BEFBB4800CA53AC /* nowAtSRM.h */,
				BCE5BEE81BEFBB4800CA53AC /* nowAtSRM.m */,
				BCE5BEED1BEFC0E500CA53AC /* events.h */,
				BCE5BEEE1BEFC0E500CA53AC /* events.m */,
				BCE5BEF61BEFC12500CA53AC /* storeViewController.h */,
				BCE5BEF71BEFC12500CA53AC /* storeViewController.m */,
				BCE5BEF31BEFC11700CA53AC /* publishViewController.h */,
				BCE5BEF41BEFC11700CA53AC /* publishViewController.m */,
				BCE5BEF01BEFC10400CA53AC /* notesViewController.h */,
				BCE5BEF11BEFC10400CA53AC /* notesViewController.m */,
				BCD04DCB1BF084E20099D420 /* TeamViewController.h */,
				BCD04DCC1BF084E20099D420 /* TeamViewController.m */,
				BC5539FE1C5DF857005124A1 /* FeedbackViewController.h */,
				BC5539FF1C5DF857005124A1 /* FeedbackViewController.m */,
				BC03FE051BFBCA6A002D9ED3 /* AboutUs.h */,
				BC03FE061BFBCA6A002D9ED3 /* AboutUs.m */,
				BC3459E61C5F72A6004AA137 /* WebsiteOpen.h */,
				BC3459E71C5F72A6004AA137 /* WebsiteOpen.m */,
				BCE5BEBD1BEFB7EB00CA53AC /* Main.storyboard */,
				BCE5BEC21BEFB7EB00CA53AC /* LaunchScreen.storyboard */,
				BCE5BEC01BEFB7EB00CA53AC /* Assets.xcassets */,
				BCE5BEC51BEFB7EB00CA53AC /* Info.plist */,
				BCE5BEB11BEFB7EB00CA53AC /* Supporting Files */,
			);
			path = SRMbyag;
			sourceTree = "<group>";
		};
		BCE5BEB11BEFB7EB00CA53AC /* Supporting Files */ = {
			isa = PBXGroup;
			children = (
				BCE5BEB21BEFB7EB00CA53AC /* main.m */,
			);
			name = "Supporting Files";
			sourceTree = "<group>";
		};
		BCE5BECD1BEFB7EB00CA53AC /* SRMbyagTests */ = {
			isa = PBXGroup;
			children = (
				BCE5BECE1BEFB7EB00CA53AC /* SRMbyagTests.m */,
				BCE5BED01BEFB7EB00CA53AC /* Info.plist */,
			);
			path = SRMbyagTests;
			sourceTree = "<group>";
		};
		BCE5BED81BEFB7EC00CA53AC /* SRMbyagUITests */ = {
			isa = PBXGroup;
			children = (
				BCE5BED91BEFB7EC00CA53AC /* SRMbyagUITests.m */,
				BCE5BEDB1BEFB7EC00CA53AC /* Info.plist */,
			);
			path = SRMbyagUITests;
			sourceTree = "<group>";
		};
/* End PBXGroup section */

/* Begin PBXNativeTarget section */
		BCE5BEAD1BEFB7EB00CA53AC /* SRMbyag */ = {
			isa = PBXNativeTarget;
			buildConfigurationList = BCE5BEDE1BEFB7EC00CA53AC /* Build configuration list for PBXNativeTarget "SRMbyag" */;
			buildPhases = (
				BCE5BEAA1BEFB7EB00CA53AC /* Sources */,
				BCE5BEAB1BEFB7EB00CA53AC /* Frameworks */,
				BCE5BEAC1BEFB7EB00CA53AC /* Resources */,
			);
			buildRules = (
			);
			dependencies = (
			);
			name = SRMbyag;
			productName = SRMbyag;
			productReference = BCE5BEAE1BEFB7EB00CA53AC /* SRMbyag.app */;
			productType = "com.apple.product-type.application";
		};
		BCE5BEC91BEFB7EB00CA53AC /* SRMbyagTests */ = {
			isa = PBXNativeTarget;
			buildConfigurationList = BCE5BEE11BEFB7EC00CA53AC /* Build configuration list for PBXNativeTarget "SRMbyagTests" */;
			buildPhases = (
				BCE5BEC61BEFB7EB00CA53AC /* Sources */,
				BCE5BEC71BEFB7EB00CA53AC /* Frameworks */,
				BCE5BEC81BEFB7EB00CA53AC /* Resources */,
			);
			buildRules = (
			);
			dependencies = (
				BCE5BECC1BEFB7EB00CA53AC /* PBXTargetDependency */,
			);
			name = SRMbyagTests;
			productName = SRMbyagTests;
			productReference = BCE5BECA1BEFB7EB00CA53AC /* SRMbyagTests.xctest */;
			productType = "com.apple.product-type.bundle.unit-test";
		};
		BCE5BED41BEFB7EC00CA53AC /* SRMbyagUITests */ = {
			isa = PBXNativeTarget;
			buildConfigurationList = BCE5BEE41BEFB7EC00CA53AC /* Build configuration list for PBXNativeTarget "SRMbyagUITests" */;
			buildPhases = (
				BCE5BED11BEFB7EC00CA53AC /* Sources */,
				BCE5BED21BEFB7EC00CA53AC /* Frameworks */,
				BCE5BED31BEFB7EC00CA53AC /* Resources */,
			);
			buildRules = (
			);
			dependencies = (
				BCE5BED71BEFB7EC00CA53AC /* PBXTargetDependency */,
			);
			name = SRMbyagUITests;
			productName = SRMbyagUITests;
			productReference = BCE5BED51BEFB7EC00CA53AC /* SRMbyagUITests.xctest */;
			productType = "com.apple.product-type.bundle.ui-testing";
		};
/* End PBXNativeTarget section */

/* Begin PBXProject section */
		BCE5BEA61BEFB7EB00CA53AC /* Project object */ = {
			isa = PBXProject;
			attributes = {
				LastUpgradeCheck = 0710;
				ORGANIZATIONNAME = "Naman Maheshwari";
				TargetAttributes = {
					BCE5BEAD1BEFB7EB00CA53AC = {
						CreatedOnToolsVersion = 7.1;
						DevelopmentTeam = G362XJQKZW;
					};
					BCE5BEC91BEFB7EB00CA53AC = {
						CreatedOnToolsVersion = 7.1;
						DevelopmentTeam = G362XJQKZW;
						TestTargetID = BCE5BEAD1BEFB7EB00CA53AC;
					};
					BCE5BED41BEFB7EC00CA53AC = {
						CreatedOnToolsVersion = 7.1;
						DevelopmentTeam = G362XJQKZW;
						TestTargetID = BCE5BEAD1BEFB7EB00CA53AC;
					};
				};
			};
			buildConfigurationList = BCE5BEA91BEFB7EB00CA53AC /* Build configuration list for PBXProject "SRMbyag" */;
			compatibilityVersion = "Xcode 3.2";
			developmentRegion = English;
			hasScannedForEncodings = 0;
			knownRegions = (
				en,
				Base,
			);
			mainGroup = BCE5BEA51BEFB7EB00CA53AC;
			productRefGroup = BCE5BEAF1BEFB7EB00CA53AC /* Products */;
			projectDirPath = "";
			projectRoot = "";
			targets = (
				BCE5BEAD1BEFB7EB00CA53AC /* SRMbyag */,
				BCE5BEC91BEFB7EB00CA53AC /* SRMbyagTests */,
				BCE5BED41BEFB7EC00CA53AC /* SRMbyagUITests */,
			);
		};
/* End PBXProject section */

/* Begin PBXResourcesBuildPhase section */
		BCE5BEAC1BEFB7EB00CA53AC /* Resources */ = {
			isa = PBXResourcesBuildPhase;
			buildActionMask = 2147483647;
			files = (
				BCE5BEC41BEFB7EB00CA53AC /* LaunchScreen.storyboard in Resources */,
				BCE5BEC11BEFB7EB00CA53AC /* Assets.xcassets in Resources */,
				BCE5BEBF1BEFB7EB00CA53AC /* Main.storyboard in Resources */,
			);
			runOnlyForDeploymentPostprocessing = 0;
		};
		BCE5BEC81BEFB7EB00CA53AC /* Resources */ = {
			isa = PBXResourcesBuildPhase;
			buildActionMask = 2147483647;
			files = (
			);
			runOnlyForDeploymentPostprocessing = 0;
		};
		BCE5BED31BEFB7EC00CA53AC /* Resources */ = {
			isa = PBXResourcesBuildPhase;
			buildActionMask = 2147483647;
			files = (
			);
			runOnlyForDeploymentPostprocessing = 0;
		};
/* End PBXResourcesBuildPhase section */

/* Begin PBXSourcesBuildPhase section */
		BCE5BEAA1BEFB7EB00CA53AC /* Sources */ = {
			isa = PBXSourcesBuildPhase;
			buildActionMask = 2147483647;
			files = (
				BCE5BEF51BEFC11700CA53AC /* publishViewController.m in Sources */,
				BCE5BEBC1BEFB7EB00CA53AC /* SecondViewController.m in Sources */,
				BCE5BEE91BEFBB4800CA53AC /* nowAtSRM.m in Sources */,
				BCE5BEEF1BEFC0E500CA53AC /* events.m in Sources */,
				BCE5BEF21BEFC10400CA53AC /* notesViewController.m in Sources */,
				BCE5BEF81BEFC12500CA53AC /* storeViewController.m in Sources */,
				BCE5BEB61BEFB7EB00CA53AC /* AppDelegate.m in Sources */,
				BCE5BEB91BEFB7EB00CA53AC /* FirstViewController.m in Sources */,
				BC3459E81C5F72A6004AA137 /* WebsiteOpen.m in Sources */,
				BCD04DCD1BF084E20099D420 /* TeamViewController.m in Sources */,
				BCE5BEB31BEFB7EB00CA53AC /* main.m in Sources */,
				BC553A001C5DF857005124A1 /* FeedbackViewController.m in Sources */,
				BC03FE071BFBCA6A002D9ED3 /* AboutUs.m in Sources */,
			);
			runOnlyForDeploymentPostprocessing = 0;
		};
		BCE5BEC61BEFB7EB00CA53AC /* Sources */ = {
			isa = PBXSourcesBuildPhase;
			buildActionMask = 2147483647;
			files = (
				BCE5BECF1BEFB7EB00CA53AC /* SRMbyagTests.m in Sources */,
			);
			runOnlyForDeploymentPostprocessing = 0;
		};
		BCE5BED11BEFB7EC00CA53AC /* Sources */ = {
			isa = PBXSourcesBuildPhase;
			buildActionMask = 2147483647;
			files = (
				BCE5BEDA1BEFB7EC00CA53AC /* SRMbyagUITests.m in Sources */,
			);
			runOnlyForDeploymentPostprocessing = 0;
		};
/* End PBXSourcesBuildPhase section */

/* Begin PBXTargetDependency section */
		BCE5BECC1BEFB7EB00CA53AC /* PBXTargetDependency */ = {
			isa = PBXTargetDependency;
			target = BCE5BEAD1BEFB7EB00CA53AC /* SRMbyag */;
			targetProxy = BCE5BECB1BEFB7EB00CA53AC /* PBXContainerItemProxy */;
		};
		BCE5BED71BEFB7EC00CA53AC /* PBXTargetDependency */ = {
			isa = PBXTargetDependency;
			target = BCE5BEAD1BEFB7EB00CA53AC /* SRMbyag */;
			targetProxy = BCE5BED61BEFB7EC00CA53AC /* PBXContainerItemProxy */;
		};
/* End PBXTargetDependency section */

/* Begin PBXVariantGroup section */
		BCE5BEBD1BEFB7EB00CA53AC /* Main.storyboard */ = {
			isa = PBXVariantGroup;
			children = (
				BCE5BEBE1BEFB7EB00CA53AC /* Base */,
			);
			name = Main.storyboard;
			sourceTree = "<group>";
		};
		BCE5BEC21BEFB7EB00CA53AC /* LaunchScreen.storyboard */ = {
			isa = PBXVariantGroup;
			children = (
				BCE5BEC31BEFB7EB00CA53AC /* Base */,
			);
			name = LaunchScreen.storyboard;
			sourceTree = "<group>";
		};
/* End PBXVariantGroup section */

/* Begin XCBuildConfiguration section */
		BCE5BEDC1BEFB7EC00CA53AC /* Debug */ = {
			isa = XCBuildConfiguration;
			buildSettings = {
				ALWAYS_SEARCH_USER_PATHS = NO;
				CLANG_CXX_LANGUAGE_STANDARD = "gnu++0x";
				CLANG_CXX_LIBRARY = "libc++";
				CLANG_ENABLE_MODULES = YES;
				CLANG_ENABLE_OBJC_ARC = YES;
				CLANG_WARN_BOOL_CONVERSION = YES;
				CLANG_WARN_CONSTANT_CONVERSION = YES;
				CLANG_WARN_DIRECT_OBJC_ISA_USAGE = YES_ERROR;
				CLANG_WARN_EMPTY_BODY = YES;
				CLANG_WARN_ENUM_CONVERSION = YES;
				CLANG_WARN_INT_CONVERSION = YES;
				CLANG_WARN_OBJC_ROOT_CLASS = YES_ERROR;
				CLANG_WARN_UNREACHABLE_CODE = YES;
				CLANG_WARN__DUPLICATE_METHOD_MATCH = YES;
				"CODE_SIGN_IDENTITY[sdk=iphoneos*]" = "iPhone Developer";
				COPY_PHASE_STRIP = NO;
				DEBUG_INFORMATION_FORMAT = dwarf;
				ENABLE_STRICT_OBJC_MSGSEND = YES;
				ENABLE_TESTABILITY = YES;
				GCC_C_LANGUAGE_STANDARD = gnu99;
				GCC_DYNAMIC_NO_PIC = NO;
				GCC_NO_COMMON_BLOCKS = YES;
				GCC_OPTIMIZATION_LEVEL = 0;
				GCC_PREPROCESSOR_DEFINITIONS = (
					"DEBUG=1",
					"$(inherited)",
				);
				GCC_WARN_64_TO_32_BIT_CONVERSION = YES;
				GCC_WARN_ABOUT_RETURN_TYPE = YES_ERROR;
				GCC_WARN_UNDECLARED_SELECTOR = YES;
				GCC_WARN_UNINITIALIZED_AUTOS = YES_AGGRESSIVE;
				GCC_WARN_UNUSED_FUNCTION = YES;
				GCC_WARN_UNUSED_VARIABLE = YES;
				IPHONEOS_DEPLOYMENT_TARGET = 9.1;
				MTL_ENABLE_DEBUG_INFO = YES;
				ONLY_ACTIVE_ARCH = YES;
				SDKROOT = iphoneos;
			};
			name = Debug;
		};
		BCE5BEDD1BEFB7EC00CA53AC /* Release */ = {
			isa = XCBuildConfiguration;
			buildSettings = {
				ALWAYS_SEARCH_USER_PATHS = NO;
				CLANG_CXX_LANGUAGE_STANDARD = "gnu++0x";
				CLANG_CXX_LIBRARY = "libc++";
				CLANG_ENABLE_MODULES = YES;
				CLANG_ENABLE_OBJC_ARC = YES;
				CLANG_WARN_BOOL_CONVERSION = YES;
				CLANG_WARN_CONSTANT_CONVERSION = YES;
				CLANG_WARN_DIRECT_OBJC_ISA_USAGE = YES_ERROR;
				CLANG_WARN_EMPTY_BODY = YES;
				CLANG_WARN_ENUM_CONVERSION = YES;
				CLANG_WARN_INT_CONVERSION = YES;
				CLANG_WARN_OBJC_ROOT_CLASS = YES_ERROR;
				CLANG_WARN_UNREACHABLE_CODE = YES;
				CLANG_WARN__DUPLICATE_METHOD_MATCH = YES;
				"CODE_SIGN_IDENTITY[sdk=iphoneos*]" = "iPhone Developer";
				COPY_PHASE_STRIP = NO;
				DEBUG_INFORMATION_FORMAT = "dwarf-with-dsym";
				ENABLE_NS_ASSERTIONS = NO;
				ENABLE_STRICT_OBJC_MSGSEND = YES;
				GCC_C_LANGUAGE_STANDARD = gnu99;
				GCC_NO_COMMON_BLOCKS = YES;
				GCC_WARN_64_TO_32_BIT_CONVERSION = YES;
				GCC_WARN_ABOUT_RETURN_TYPE = YES_ERROR;
				GCC_WARN_UNDECLARED_SELECTOR = YES;
				GCC_WARN_UNINITIALIZED_AUTOS = YES_AGGRESSIVE;
				GCC_WARN_UNUSED_FUNCTION = YES;
				GCC_WARN_UNUSED_VARIABLE = YES;
				IPHONEOS_DEPLOYMENT_TARGET = 9.1;
				MTL_ENABLE_DEBUG_INFO = NO;
				SDKROOT = iphoneos;
				VALIDATE_PRODUCT = YES;
			};
			name = Release;
		};
		BCE5BEDF1BEFB7EC00CA53AC /* Debug */ = {
			isa = XCBuildConfiguration;
			buildSettings = {
				ASSETCATALOG_COMPILER_APPICON_NAME = AppIcon;
				INFOPLIST_FILE = SRMbyag/Info.plist;
				IPHONEOS_DEPLOYMENT_TARGET = 9.1;
				LD_RUNPATH_SEARCH_PATHS = "$(inherited) @executable_path/Frameworks";
				PRODUCT_BUNDLE_IDENTIFIER = com.NamanMaheshwari.SRMbyag;
				PRODUCT_NAME = "$(TARGET_NAME)";
			};
			name = Debug;
		};
		BCE5BEE01BEFB7EC00CA53AC /* Release */ = {
			isa = XCBuildConfiguration;
			buildSettings = {
				ASSETCATALOG_COMPILER_APPICON_NAME = AppIcon;
				INFOPLIST_FILE = SRMbyag/Info.plist;
				IPHONEOS_DEPLOYMENT_TARGET = 9.1;
				LD_RUNPATH_SEARCH_PATHS = "$(inherited) @executable_path/Frameworks";
				OTHER_LDFLAGS = "";
				PRODUCT_BUNDLE_IDENTIFIER = com.NamanMaheshwari.SRMbyag;
				PRODUCT_NAME = "$(TARGET_NAME)";
			};
			name = Release;
		};
		BCE5BEE21BEFB7EC00CA53AC /* Debug */ = {
			isa = XCBuildConfiguration;
			buildSettings = {
				BUNDLE_LOADER = "$(TEST_HOST)";
				INFOPLIST_FILE = SRMbyagTests/Info.plist;
				LD_RUNPATH_SEARCH_PATHS = "$(inherited) @executable_path/Frameworks @loader_path/Frameworks";
				PRODUCT_BUNDLE_IDENTIFIER = com.NamanMaheshwari.SRMbyagTests;
				PRODUCT_NAME = "$(TARGET_NAME)";
				TEST_HOST = "$(BUILT_PRODUCTS_DIR)/SRMbyag.app/SRMbyag";
			};
			name = Debug;
		};
		BCE5BEE31BEFB7EC00CA53AC /* Release */ = {
			isa = XCBuildConfiguration;
			buildSettings = {
				BUNDLE_LOADER = "$(TEST_HOST)";
				INFOPLIST_FILE = SRMbyagTests/Info.plist;
				LD_RUNPATH_SEARCH_PATHS = "$(inherited) @executable_path/Frameworks @loader_path/Frameworks";
				PRODUCT_BUNDLE_IDENTIFIER = com.NamanMaheshwari.SRMbyagTests;
				PRODUCT_NAME = "$(TARGET_NAME)";
				TEST_HOST = "$(BUILT_PRODUCTS_DIR)/SRMbyag.app/SRMbyag";
			};
			name = Release;
		};
		BCE5BEE51BEFB7EC00CA53AC /* Debug */ = {
			isa = XCBuildConfiguration;
			buildSettings = {
				INFOPLIST_FILE = SRMbyagUITests/Info.plist;
				LD_RUNPATH_SEARCH_PATHS = "$(inherited) @executable_path/Frameworks @loader_path/Frameworks";
				PRODUCT_BUNDLE_IDENTIFIER = com.NamanMaheshwari.SRMbyagUITests;
				PRODUCT_NAME = "$(TARGET_NAME)";
				TEST_TARGET_NAME = SRMbyag;
				USES_XCTRUNNER = YES;
			};
			name = Debug;
		};
		BCE5BEE61BEFB7EC00CA53AC /* Release */ = {
			isa = XCBuildConfiguration;
			buildSettings = {
				INFOPLIST_FILE = SRMbyagUITests/Info.plist;
				LD_RUNPATH_SEARCH_PATHS = "$(inherited) @executable_path/Frameworks @loader_path/Frameworks";
				PRODUCT_BUNDLE_IDENTIFIER = com.NamanMaheshwari.SRMbyagUITests;
				PRODUCT_NAME = "$(TARGET_NAME)";
				TEST_TARGET_NAME = SRMbyag;
				USES_XCTRUNNER = YES;
			};
			name = Release;
		};
/* End XCBuildConfiguration section */

/* Begin XCConfigurationList section */
		BCE5BEA91BEFB7EB00CA53AC /* Build configuration list for PBXProject "SRMbyag" */ = {
			isa = XCConfigurationList;
			buildConfigurations = (
				BCE5BEDC1BEFB7EC00CA53AC /* Debug */,
				BCE5BEDD1BEFB7EC00CA53AC /* Release */,
			);
			defaultConfigurationIsVisible = 0;
			defaultConfigurationName = Release;
		};
		BCE5BEDE1BEFB7EC00CA53AC /* Build configuration list for PBXNativeTarget "SRMbyag" */ = {
			isa = XCConfigurationList;
			buildConfigurations = (
				BCE5BEDF1BEFB7EC00CA53AC /* Debug */,
				BCE5BEE01BEFB7EC00CA53AC /* Release */,
			);
			defaultConfigurationIsVisible = 0;
			defaultConfigurationName = Release;
		};
		BCE5BEE11BEFB7EC00CA53AC /* Build configuration list for PBXNativeTarget "SRMbyagTests" */ = {
			isa = XCConfigurationList;
			buildConfigurations = (
				BCE5BEE21BEFB7EC00CA53AC /* Debug */,
				BCE5BEE31BEFB7EC00CA53AC /* Release */,
			);
			defaultConfigurationIsVisible = 0;
			defaultConfigurationName = Release;
		};
		BCE5BEE41BEFB7EC00CA53AC /* Build configuration list for PBXNativeTarget "SRMbyagUITests" */ = {
			isa = XCConfigurationList;
			buildConfigurations = (
				BCE5BEE51BEFB7EC00CA53AC /* Debug */,
				BCE5BEE61BEFB7EC00CA53AC /* Release */,
			);
			defaultConfigurationIsVisible = 0;
			defaultConfigurationName = Release;
		};
/* End XCConfigurationList section */
	};
	rootObject = BCE5BEA61BEFB7EB00CA53AC /* Project object */;
}
